
Microsoft Visual Studio Solution File, Format Version 12.00
# Visual Studio 14
VisualStudioVersion = 14.0.25123.0
MinimumVisualStudioVersion = 10.0.40219.1
Project("{FAE04EC0-301F-11D3-BF4B-00C04F79EFBC}") = "SequentialCollections", "week14_a\SequentialCollections.csproj", "{592C395F-6776-49E3-9C34-94513EEB0A47}"
EndProject
Project("{FAE04EC0-301F-11D3-BF4B-00C04F79EFBC}") = "DictionaryCollections", "DictionaryCollections\DictionaryCollections.csproj", "{D5937BCF-3C4B-4059-8AD2-EF08EBD4AFBB}"
EndProject
Project("{FAE04EC0-301F-11D3-BF4B-00C04F79EFBC}") = "LookupCollections", "LookupCollections\LookupCollections.csproj", "{9E8CDF2E-D84F-4576-99A8-FD433C3F49C4}"
EndProject
Project("{FAE04EC0-301F-11D3-BF4B-00C04F79EFBC}") = "GenericCollections", "GenericCollections\GenericCollections.csproj", "{D3A16FD4-CB0E-49E5-9A5B-225622E392C8}"
EndProject
Project("{FAE04EC0-301F-11D3-BF4B-00C04F79EFBC}") = "SeekAndArchive", "SeekAndArchive\SeekAndArchive.csproj", "{0B3E356C-4064-4769-853A-7A6E0299B0C7}"
EndProject
Project("{FAE04EC0-301F-11D3-BF4B-00C04F79EFBC}") = "IsolatedStorageDemo", "IsolatedStorageDemo\IsolatedStorageDemo.csproj", "{5A5EC23C-960C-4443-91D4-A0C2DC4C1E64}"
EndProject
Global
	GlobalSection(SolutionConfigurationPlatforms) = preSolution
		Debug|Any CPU = Debug|Any CPU
		Release|Any CPU = Release|Any CPU
	EndGlobalSection
	GlobalSection(ProjectConfigurationPlatforms) = postSolution
		{592C395F-6776-49E3-9C34-94513EEB0A47}.Debug|Any CPU.ActiveCfg = Debug|Any CPU
		{592C395F-6776-49E3-9C34-94513EEB0A47}.Debug|Any CPU.Build.0 = Debug|Any CPU
		{592C395F-6776-49E3-9C34-94513EEB0A47}.Release|Any CPU.ActiveCfg = Release|Any CPU
		{592C395F-6776-49E3-9C34-94513EEB0A47}.Release|Any CPU.Build.0 = Release|Any CPU
		{D5937BCF-3C4B-4059-8AD2-EF08EBD4AFBB}.Debug|Any CPU.ActiveCfg = Debug|Any CPU
		{D5937BCF-3C4B-4059-8AD2-EF08EBD4AFBB}.Debug|Any CPU.Build.0 = Debug|Any CPU
		{D5937BCF-3C4B-4059-8AD2-EF08EBD4AFBB}.Release|Any CPU.ActiveCfg = Release|Any CPU
		{D5937BCF-3C4B-4059-8AD2-EF08EBD4AFBB}.Release|Any CPU.Build.0 = Release|Any CPU
		{9E8CDF2E-D84F-4576-99A8-FD433C3F49C4}.Debug|Any CPU.ActiveCfg = Debug|Any CPU
		{9E8CDF2E-D84F-4576-99A8-FD433C3F49C4}.Debug|Any CPU.Build.0 = Debug|Any CPU
		{9E8CDF2E-D84F-4576-99A8-FD433C3F49C4}.Release|Any CPU.ActiveCfg = Release|Any CPU
		{9E8CDF2E-D84F-4576-99A8-FD433C3F49C4}.Release|Any CPU.Build.0 = Release|Any CPU
		{D3A16FD4-CB0E-49E5-9A5B-225622E392C8}.Debug|Any CPU.ActiveCfg = Debug|Any CPU
		{D3A16FD4-CB0E-49E5-9A5B-225622E392C8}.Debug|Any CPU.Build.0 = Debug|Any CPU
		{D3A16FD4-CB0E-49E5-9A5B-225622E392C8}.Release|Any CPU.ActiveCfg = Release|Any CPU
		{D3A16FD4-CB0E-49E5-9A5B-225622E392C8}.Release|Any CPU.Build.0 = Release|Any CPU
		{0B3E356C-4064-4769-853A-7A6E0299B0C7}.Debug|Any CPU.ActiveCfg = Debug|Any CPU
		{0B3E356C-4064-4769-853A-7A6E0299B0C7}.Debug|Any CPU.Build.0 = Debug|Any CPU
		{0B3E356C-4064-4769-853A-7A6E0299B0C7}.Release|Any CPU.ActiveCfg = Release|Any CPU
		{0B3E356C-4064-4769-853A-7A6E0299B0C7}.Release|Any CPU.Build.0 = Release|Any CPU
		{5A5EC23C-960C-4443-91D4-A0C2DC4C1E64}.Debug|Any CPU.ActiveCfg = Debug|Any CPU
		{5A5EC23C-960C-4443-91D4-A0C2DC4C1E64}.Debug|Any CPU.Build.0 = Debug|Any CPU
		{5A5EC23C-960C-4443-91D4-A0C2DC4C1E64}.Release|Any CPU.ActiveCfg = Release|Any CPU
		{5A5EC23C-960C-4443-91D4-A0C2DC4C1E64}.Release|Any CPU.Build.0 = Release|Any CPU
	EndGlobalSection
	GlobalSection(SolutionProperties) = preSolution
		HideSolutionNode = FALSE
	EndGlobalSection
EndGlobal
